// !$*UTF8*$!
{
	archiveVersion = 1;
	classes = {
	};
	objectVersion = 56;
	objects = {

/* Begin PBXBuildFile section */
		110BC7D52A65BC7500A4AF89 /* The_Global_PantryApp.swift in Sources */ = {isa = PBXBuildFile; fileRef = 110BC7D42A65BC7500A4AF89 /* The_Global_PantryApp.swift */; };
		110BC7D72A65BC7500A4AF89 /* ContentView.swift in Sources */ = {isa = PBXBuildFile; fileRef = 110BC7D62A65BC7500A4AF89 /* ContentView.swift */; };
		110BC7D92A65BC7500A4AF89 /* Assets.xcassets in Resources */ = {isa = PBXBuildFile; fileRef = 110BC7D82A65BC7500A4AF89 /* Assets.xcassets */; };
		110BC7DC2A65BC7500A4AF89 /* Preview Assets.xcassets in Resources */ = {isa = PBXBuildFile; fileRef = 110BC7DB2A65BC7500A4AF89 /* Preview Assets.xcassets */; };
		110BC7E62A65BC7500A4AF89 /* The_Global_PantryTests.swift in Sources */ = {isa = PBXBuildFile; fileRef = 110BC7E52A65BC7500A4AF89 /* The_Global_PantryTests.swift */; };
		110BC7F02A65BC7500A4AF89 /* The_Global_PantryUITests.swift in Sources */ = {isa = PBXBuildFile; fileRef = 110BC7EF2A65BC7500A4AF89 /* The_Global_PantryUITests.swift */; };
		110BC7F22A65BC7500A4AF89 /* The_Global_PantryUITestsLaunchTests.swift in Sources */ = {isa = PBXBuildFile; fileRef = 110BC7F12A65BC7500A4AF89 /* The_Global_PantryUITestsLaunchTests.swift */; };
/* End PBXBuildFile section */

/* Begin PBXContainerItemProxy section */
		110BC7E22A65BC7500A4AF89 /* PBXContainerItemProxy */ = {
			isa = PBXContainerItemProxy;
			containerPortal = 110BC7C92A65BC7500A4AF89 /* Project object */;
			proxyType = 1;
			remoteGlobalIDString = 110BC7D02A65BC7500A4AF89;
			remoteInfo = "The Global Pantry";
		};
		110BC7EC2A65BC7500A4AF89 /* PBXContainerItemProxy */ = {
			isa = PBXContainerItemProxy;
			containerPortal = 110BC7C92A65BC7500A4AF89 /* Project object */;
			proxyType = 1;
			remoteGlobalIDString = 110BC7D02A65BC7500A4AF89;
			remoteInfo = "The Global Pantry";
		};
/* End PBXContainerItemProxy section */

/* Begin PBXFileReference section */
		110BC7D12A65BC7500A4AF89 /* The Global Pantry.app */ = {isa = PBXFileReference; explicitFileType = wrapper.application; includeInIndex = 0; path = "The Global Pantry.app"; sourceTree = BUILT_PRODUCTS_DIR; };
		110BC7D42A65BC7500A4AF89 /* The_Global_PantryApp.swift */ = {isa = PBXFileReference; lastKnownFileType = sourcecode.swift; path = The_Global_PantryApp.swift; sourceTree = "<group>"; };
		110BC7D62A65BC7500A4AF89 /* ContentView.swift */ = {isa = PBXFileReference; lastKnownFileType = sourcecode.swift; path = ContentView.swift; sourceTree = "<group>"; };
		110BC7D82A65BC7500A4AF89 /* Assets.xcassets */ = {isa = PBXFileReference; lastKnownFileType = folder.assetcatalog; path = Assets.xcassets; sourceTree = "<group>"; };
		110BC7DB2A65BC7500A4AF89 /* Preview Assets.xcassets */ = {isa = PBXFileReference; lastKnownFileType = folder.assetcatalog; path = "Preview Assets.xcassets"; sourceTree = "<group>"; };
		110BC7E12A65BC7500A4AF89 /* The Global PantryTests.xctest */ = {isa = PBXFileReference; explicitFileType = wrapper.cfbundle; includeInIndex = 0; path = "The Global PantryTests.xctest"; sourceTree = BUILT_PRODUCTS_DIR; };
		110BC7E52A65BC7500A4AF89 /* The_Global_PantryTests.swift */ = {isa = PBXFileReference; lastKnownFileType = sourcecode.swift; path = The_Global_PantryTests.swift; sourceTree = "<group>"; };
		110BC7EB2A65BC7500A4AF89 /* The Global PantryUITests.xctest */ = {isa = PBXFileReference; explicitFileType = wrapper.cfbundle; includeInIndex = 0; path = "The Global PantryUITests.xctest"; sourceTree = BUILT_PRODUCTS_DIR; };
		110BC7EF2A65BC7500A4AF89 /* The_Global_PantryUITests.swift */ = {isa = PBXFileReference; lastKnownFileType = sourcecode.swift; path = The_Global_PantryUITests.swift; sourceTree = "<group>"; };
		110BC7F12A65BC7500A4AF89 /* The_Global_PantryUITestsLaunchTests.swift */ = {isa = PBXFileReference; lastKnownFileType = sourcecode.swift; path = The_Global_PantryUITestsLaunchTests.swift; sourceTree = "<group>"; };
/* End PBXFileReference section */

/* Begin PBXFrameworksBuildPhase section */
		110BC7CE2A65BC7500A4AF89 /* Frameworks */ = {
			isa = PBXFrameworksBuildPhase;
			buildActionMask = 2147483647;
			files = (
			);
			runOnlyForDeploymentPostprocessing = 0;
		};
		110BC7DE2A65BC7500A4AF89 /* Frameworks */ = {
			isa = PBXFrameworksBuildPhase;
			buildActionMask = 2147483647;
			files = (
			);
			runOnlyForDeploymentPostprocessing = 0;
		};
		110BC7E82A65BC7500A4AF89 /* Frameworks */ = {
			isa = PBXFrameworksBuildPhase;
			buildActionMask = 2147483647;
			files = (
			);
			runOnlyForDeploymentPostprocessing = 0;
		};
/* End PBXFrameworksBuildPhase section */

/* Begin PBXGroup section */
		110BC7C82A65BC7500A4AF89 = {
			isa = PBXGroup;
			children = (
				110BC7D32A65BC7500A4AF89 /* The Global Pantry */,
				110BC7E42A65BC7500A4AF89 /* The Global PantryTests */,
				110BC7EE2A65BC7500A4AF89 /* The Global PantryUITests */,
				110BC7D22A65BC7500A4AF89 /* Products */,
			);
			sourceTree = "<group>";
		};
		110BC7D22A65BC7500A4AF89 /* Products */ = {
			isa = PBXGroup;
			children = (
				110BC7D12A65BC7500A4AF89 /* The Global Pantry.app */,
				110BC7E12A65BC7500A4AF89 /* The Global PantryTests.xctest */,
				110BC7EB2A65BC7500A4AF89 /* The Global PantryUITests.xctest */,
			);
			name = Products;
			sourceTree = "<group>";
		};
		110BC7D32A65BC7500A4AF89 /* The Global Pantry */ = {
			isa = PBXGroup;
			children = (
				110BC7D42A65BC7500A4AF89 /* The_Global_PantryApp.swift */,
				110BC7D62A65BC7500A4AF89 /* ContentView.swift */,
				110BC7D82A65BC7500A4AF89 /* Assets.xcassets */,
				110BC7DA2A65BC7500A4AF89 /* Preview Content */,
			);
			path = "The Global Pantry";
			sourceTree = "<group>";
		};
		110BC7DA2A65BC7500A4AF89 /* Preview Content */ = {
			isa = PBXGroup;
			children = (
				110BC7DB2A65BC7500A4AF89 /* Preview Assets.xcassets */,
			);
			path = "Preview Content";
			sourceTree = "<group>";
		};
		110BC7E42A65BC7500A4AF89 /* The Global PantryTests */ = {
			isa = PBXGroup;
			children = (
				110BC7E52A65BC7500A4AF89 /* The_Global_PantryTests.swift */,
			);
			path = "The Global PantryTests";
			sourceTree = "<group>";
		};
		110BC7EE2A65BC7500A4AF89 /* The Global PantryUITests */ = {
			isa = PBXGroup;
			children = (
				110BC7EF2A65BC7500A4AF89 /* The_Global_PantryUITests.swift */,
				110BC7F12A65BC7500A4AF89 /* The_Global_PantryUITestsLaunchTests.swift */,
			);
			path = "The Global PantryUITests";
			sourceTree = "<group>";
		};
/* End PBXGroup section */

/* Begin PBXNativeTarget section */
		110BC7D02A65BC7500A4AF89 /* The Global Pantry */ = {
			isa = PBXNativeTarget;
			buildConfigurationList = 110BC7F52A65BC7500A4AF89 /* Build configuration list for PBXNativeTarget "The Global Pantry" */;
			buildPhases = (
				110BC7CD2A65BC7500A4AF89 /* Sources */,
				110BC7CE2A65BC7500A4AF89 /* Frameworks */,
				110BC7CF2A65BC7500A4AF89 /* Resources */,
			);
			buildRules = (
			);
			dependencies = (
			);
			name = "The Global Pantry";
			productName = "The Global Pantry";
			productReference = 110BC7D12A65BC7500A4AF89 /* The Global Pantry.app */;
			productType = "com.apple.product-type.application";
		};
		110BC7E02A65BC7500A4AF89 /* The Global PantryTests */ = {
			isa = PBXNativeTarget;
			buildConfigurationList = 110BC7F82A65BC7500A4AF89 /* Build configuration list for PBXNativeTarget "The Global PantryTests" */;
			buildPhases = (
				110BC7DD2A65BC7500A4AF89 /* Sources */,
				110BC7DE2A65BC7500A4AF89 /* Frameworks */,
				110BC7DF2A65BC7500A4AF89 /* Resources */,
			);
			buildRules = (
			);
			dependencies = (
				110BC7E32A65BC7500A4AF89 /* PBXTargetDependency */,
			);
			name = "The Global PantryTests";
			productName = "The Global PantryTests";
			productReference = 110BC7E12A65BC7500A4AF89 /* The Global PantryTests.xctest */;
			productType = "com.apple.product-type.bundle.unit-test";
		};
		110BC7EA2A65BC7500A4AF89 /* The Global PantryUITests */ = {
			isa = PBXNativeTarget;
			buildConfigurationList = 110BC7FB2A65BC7500A4AF89 /* Build configuration list for PBXNativeTarget "The Global PantryUITests" */;
			buildPhases = (
				110BC7E72A65BC7500A4AF89 /* Sources */,
				110BC7E82A65BC7500A4AF89 /* Frameworks */,
				110BC7E92A65BC7500A4AF89 /* Resources */,
			);
			buildRules = (
			);
			dependencies = (
				110BC7ED2A65BC7500A4AF89 /* PBXTargetDependency */,
			);
			name = "The Global PantryUITests";
			productName = "The Global PantryUITests";
			productReference = 110BC7EB2A65BC7500A4AF89 /* The Global PantryUITests.xctest */;
			productType = "com.apple.product-type.bundle.ui-testing";
		};
/* End PBXNativeTarget section */

/* Begin PBXProject section */
		110BC7C92A65BC7500A4AF89 /* Project object */ = {
			isa = PBXProject;
			attributes = {
				BuildIndependentTargetsInParallel = 1;
				LastSwiftUpdateCheck = 1430;
				LastUpgradeCheck = 1430;
				TargetAttributes = {
					110BC7D02A65BC7500A4AF89 = {
						CreatedOnToolsVersion = 14.3.1;
					};
					110BC7E02A65BC7500A4AF89 = {
						CreatedOnToolsVersion = 14.3.1;
						TestTargetID = 110BC7D02A65BC7500A4AF89;
					};
					110BC7EA2A65BC7500A4AF89 = {
						CreatedOnToolsVersion = 14.3.1;
						TestTargetID = 110BC7D02A65BC7500A4AF89;
					};
				};
			};
			buildConfigurationList = 110BC7CC2A65BC7500A4AF89 /* Build configuration list for PBXProject "The Global Pantry" */;
			compatibilityVersion = "Xcode 14.0";
			developmentRegion = en;
			hasScannedForEncodings = 0;
			knownRegions = (
				en,
				Base,
			);
			mainGroup = 110BC7C82A65BC7500A4AF89;
			productRefGroup = 110BC7D22A65BC7500A4AF89 /* Products */;
			projectDirPath = "";
			projectRoot = "";
			targets = (
				110BC7D02A65BC7500A4AF89 /* The Global Pantry */,
				110BC7E02A65BC7500A4AF89 /* The Global PantryTests */,
				110BC7EA2A65BC7500A4AF89 /* The Global PantryUITests */,
			);
		};
/* End PBXProject section */

/* Begin PBXResourcesBuildPhase section */
		110BC7CF2A65BC7500A4AF89 /* Resources */ = {
			isa = PBXResourcesBuildPhase;
			buildActionMask = 2147483647;
			files = (
				110BC7DC2A65BC7500A4AF89 /* Preview Assets.xcassets in Resources */,
				110BC7D92A65BC7500A4AF89 /* Assets.xcassets in Resources */,
			);
			runOnlyForDeploymentPostprocessing = 0;
		};
		110BC7DF2A65BC7500A4AF89 /* Resources */ = {
			isa = PBXResourcesBuildPhase;
			buildActionMask = 2147483647;
			files = (
			);
			runOnlyForDeploymentPostprocessing = 0;
		};
		110BC7E92A65BC7500A4AF89 /* Resources */ = {
			isa = PBXResourcesBuildPhase;
			buildActionMask = 2147483647;
			files = (
			);
			runOnlyForDeploymentPostprocessing = 0;
		};
/* End PBXResourcesBuildPhase section */

/* Begin PBXSourcesBuildPhase section */
		110BC7CD2A65BC7500A4AF89 /* Sources */ = {
			isa = PBXSourcesBuildPhase;
			buildActionMask = 2147483647;
			files = (
				110BC7D72A65BC7500A4AF89 /* ContentView.swift in Sources */,
				110BC7D52A65BC7500A4AF89 /* The_Global_PantryApp.swift in Sources */,
			);
			runOnlyForDeploymentPostprocessing = 0;
		};
		110BC7DD2A65BC7500A4AF89 /* Sources */ = {
			isa = PBXSourcesBuildPhase;
			buildActionMask = 2147483647;
			files = (
				110BC7E62A65BC7500A4AF89 /* The_Global_PantryTests.swift in Sources */,
			);
			runOnlyForDeploymentPostprocessing = 0;
		};
		110BC7E72A65BC7500A4AF89 /* Sources */ = {
			isa = PBXSourcesBuildPhase;
			buildActionMask = 2147483647;
			files = (
				110BC7F02A65BC7500A4AF89 /* The_Global_PantryUITests.swift in Sources */,
				110BC7F22A65BC7500A4AF89 /* The_Global_PantryUITestsLaunchTests.swift in Sources */,
			);
			runOnlyForDeploymentPostprocessing = 0;
		};
/* End PBXSourcesBuildPhase section */

/* Begin PBXTargetDependency section */
		110BC7E32A65BC7500A4AF89 /* PBXTargetDependency */ = {
			isa = PBXTargetDependency;
			target = 110BC7D02A65BC7500A4AF89 /* The Global Pantry */;
			targetProxy = 110BC7E22A65BC7500A4AF89 /* PBXContainerItemProxy */;
		};
		110BC7ED2A65BC7500A4AF89 /* PBXTargetDependency */ = {
			isa = PBXTargetDependency;
			target = 110BC7D02A65BC7500A4AF89 /* The Global Pantry */;
			targetProxy = 110BC7EC2A65BC7500A4AF89 /* PBXContainerItemProxy */;
		};
/* End PBXTargetDependency section */

/* Begin XCBuildConfiguration section */
		110BC7F32A65BC7500A4AF89 /* Debug */ = {
			isa = XCBuildConfiguration;
			buildSettings = {
				ALWAYS_SEARCH_USER_PATHS = NO;
				CLANG_ANALYZER_NONNULL = YES;
				CLANG_ANALYZER_NUMBER_OBJECT_CONVERSION = YES_AGGRESSIVE;
				CLANG_CXX_LANGUAGE_STANDARD = "gnu++20";
				CLANG_ENABLE_MODULES = YES;
				CLANG_ENABLE_OBJC_ARC = YES;
				CLANG_ENABLE_OBJC_WEAK = YES;
				CLANG_WARN_BLOCK_CAPTURE_AUTORELEASING = YES;
				CLANG_WARN_BOOL_CONVERSION = YES;
				CLANG_WARN_COMMA = YES;
				CLANG_WARN_CONSTANT_CONVERSION = YES;
				CLANG_WARN_DEPRECATED_OBJC_IMPLEMENTATIONS = YES;
				CLANG_WARN_DIRECT_OBJC_ISA_USAGE = YES_ERROR;
				CLANG_WARN_DOCUMENTATION_COMMENTS = YES;
				CLANG_WARN_EMPTY_BODY = YES;
				CLANG_WARN_ENUM_CONVERSION = YES;
				CLANG_WARN_INFINITE_RECURSION = YES;
				CLANG_WARN_INT_CONVERSION = YES;
				CLANG_WARN_NON_LITERAL_NULL_CONVERSION = YES;
				CLANG_WARN_OBJC_IMPLICIT_RETAIN_SELF = YES;
				CLANG_WARN_OBJC_LITERAL_CONVERSION = YES;
				CLANG_WARN_OBJC_ROOT_CLASS = YES_ERROR;
				CLANG_WARN_QUOTED_INCLUDE_IN_FRAMEWORK_HEADER = YES;
				CLANG_WARN_RANGE_LOOP_ANALYSIS = YES;
				CLANG_WARN_STRICT_PROTOTYPES = YES;
				CLANG_WARN_SUSPICIOUS_MOVE = YES;
				CLANG_WARN_UNGUARDED_AVAILABILITY = YES_AGGRESSIVE;
				CLANG_WARN_UNREACHABLE_CODE = YES;
				CLANG_WARN__DUPLICATE_METHOD_MATCH = YES;
				COPY_PHASE_STRIP = NO;
				DEBUG_INFORMATION_FORMAT = dwarf;
				ENABLE_STRICT_OBJC_MSGSEND = YES;
				ENABLE_TESTABILITY = YES;
				GCC_C_LANGUAGE_STANDARD = gnu11;
				GCC_DYNAMIC_NO_PIC = NO;
				GCC_NO_COMMON_BLOCKS = YES;
				GCC_OPTIMIZATION_LEVEL = 0;
				GCC_PREPROCESSOR_DEFINITIONS = (
					"DEBUG=1",
					"$(inherited)",
				);
				GCC_WARN_64_TO_32_BIT_CONVERSION = YES;
				GCC_WARN_ABOUT_RETURN_TYPE = YES_ERROR;
				GCC_WARN_UNDECLARED_SELECTOR = YES;
				GCC_WARN_UNINITIALIZED_AUTOS = YES_AGGRESSIVE;
				GCC_WARN_UNUSED_FUNCTION = YES;
				GCC_WARN_UNUSED_VARIABLE = YES;
				IPHONEOS_DEPLOYMENT_TARGET = 16.4;
				MTL_ENABLE_DEBUG_INFO = INCLUDE_SOURCE;
				MTL_FAST_MATH = YES;
				ONLY_ACTIVE_ARCH = YES;
				SDKROOT = iphoneos;
				SWIFT_ACTIVE_COMPILATION_CONDITIONS = DEBUG;
				SWIFT_OPTIMIZATION_LEVEL = "-Onone";
			};
			name = Debug;
		};
		110BC7F42A65BC7500A4AF89 /* Release */ = {
			isa = XCBuildConfiguration;
			buildSettings = {
				ALWAYS_SEARCH_USER_PATHS = NO;
				CLANG_ANALYZER_NONNULL = YES;
				CLANG_ANALYZER_NUMBER_OBJECT_CONVERSION = YES_AGGRESSIVE;
				CLANG_CXX_LANGUAGE_STANDARD = "gnu++20";
				CLANG_ENABLE_MODULES = YES;
				CLANG_ENABLE_OBJC_ARC = YES;
				CLANG_ENABLE_OBJC_WEAK = YES;
				CLANG_WARN_BLOCK_CAPTURE_AUTORELEASING = YES;
				CLANG_WARN_BOOL_CONVERSION = YES;
				CLANG_WARN_COMMA = YES;
				CLANG_WARN_CONSTANT_CONVERSION = YES;
				CLANG_WARN_DEPRECATED_OBJC_IMPLEMENTATIONS = YES;
				CLANG_WARN_DIRECT_OBJC_ISA_USAGE = YES_ERROR;
				CLANG_WARN_DOCUMENTATION_COMMENTS = YES;
				CLANG_WARN_EMPTY_BODY = YES;
				CLANG_WARN_ENUM_CONVERSION = YES;
				CLANG_WARN_INFINITE_RECURSION = YES;
				CLANG_WARN_INT_CONVERSION = YES;
				CLANG_WARN_NON_LITERAL_NULL_CONVERSION = YES;
				CLANG_WARN_OBJC_IMPLICIT_RETAIN_SELF = YES;
				CLANG_WARN_OBJC_LITERAL_CONVERSION = YES;
				CLANG_WARN_OBJC_ROOT_CLASS = YES_ERROR;
				CLANG_WARN_QUOTED_INCLUDE_IN_FRAMEWORK_HEADER = YES;
				CLANG_WARN_RANGE_LOOP_ANALYSIS = YES;
				CLANG_WARN_STRICT_PROTOTYPES = YES;
				CLANG_WARN_SUSPICIOUS_MOVE = YES;
				CLANG_WARN_UNGUARDED_AVAILABILITY = YES_AGGRESSIVE;
				CLANG_WARN_UNREACHABLE_CODE = YES;
				CLANG_WARN__DUPLICATE_METHOD_MATCH = YES;
				COPY_PHASE_STRIP = NO;
				DEBUG_INFORMATION_FORMAT = "dwarf-with-dsym";
				ENABLE_NS_ASSERTIONS = NO;
				ENABLE_STRICT_OBJC_MSGSEND = YES;
				GCC_C_LANGUAGE_STANDARD = gnu11;
				GCC_NO_COMMON_BLOCKS = YES;
				GCC_WARN_64_TO_32_BIT_CONVERSION = YES;
				GCC_WARN_ABOUT_RETURN_TYPE = YES_ERROR;
				GCC_WARN_UNDECLARED_SELECTOR = YES;
				GCC_WARN_UNINITIALIZED_AUTOS = YES_AGGRESSIVE;
				GCC_WARN_UNUSED_FUNCTION = YES;
				GCC_WARN_UNUSED_VARIABLE = YES;
				IPHONEOS_DEPLOYMENT_TARGET = 16.4;
				MTL_ENABLE_DEBUG_INFO = NO;
				MTL_FAST_MATH = YES;
				SDKROOT = iphoneos;
				SWIFT_COMPILATION_MODE = wholemodule;
				SWIFT_OPTIMIZATION_LEVEL = "-O";
				VALIDATE_PRODUCT = YES;
			};
			name = Release;
		};
		110BC7F62A65BC7500A4AF89 /* Debug */ = {
			isa = XCBuildConfiguration;
			buildSettings = {
				ASSETCATALOG_COMPILER_APPICON_NAME = AppIcon;
				ASSETCATALOG_COMPILER_GLOBAL_ACCENT_COLOR_NAME = AccentColor;
				CODE_SIGN_STYLE = Automatic;
				CURRENT_PROJECT_VERSION = 1;
				DEVELOPMENT_ASSET_PATHS = "\"The Global Pantry/Preview Content\"";
				ENABLE_PREVIEWS = YES;
				GENERATE_INFOPLIST_FILE = YES;
				INFOPLIST_KEY_UIApplicationSceneManifest_Generation = YES;
				INFOPLIST_KEY_UIApplicationSupportsIndirectInputEvents = YES;
				INFOPLIST_KEY_UILaunchScreen_Generation = YES;
				INFOPLIST_KEY_UISupportedInterfaceOrientations_iPad = "UIInterfaceOrientationPortrait UIInterfaceOrientationPortraitUpsideDown UIInterfaceOrientationLandscapeLeft UIInterfaceOrientationLandscapeRight";
				INFOPLIST_KEY_UISupportedInterfaceOrientations_iPhone = "UIInterfaceOrientationPortrait UIInterfaceOrientationLandscapeLeft UIInterfaceOrientationLandscapeRight";
				LD_RUNPATH_SEARCH_PATHS = (
					"$(inherited)",
					"@executable_path/Frameworks",
				);
				MARKETING_VERSION = 1.0;
				PRODUCT_BUNDLE_IDENTIFIER = "kwk.The-Global-Pantry";
				PRODUCT_NAME = "$(TARGET_NAME)";
				SWIFT_EMIT_LOC_STRINGS = YES;
				SWIFT_VERSION = 5.0;
				TARGETED_DEVICE_FAMILY = "1,2";
			};
			name = Debug;
		};
		110BC7F72A65BC7500A4AF89 /* Release */ = {
			isa = XCBuildConfiguration;
			buildSettings = {
				ASSETCATALOG_COMPILER_APPICON_NAME = AppIcon;
				ASSETCATALOG_COMPILER_GLOBAL_ACCENT_COLOR_NAME = AccentColor;
				CODE_SIGN_STYLE = Automatic;
				CURRENT_PROJECT_VERSION = 1;
				DEVELOPMENT_ASSET_PATHS = "\"The Global Pantry/Preview Content\"";
				ENABLE_PREVIEWS = YES;
				GENERATE_INFOPLIST_FILE = YES;
				INFOPLIST_KEY_UIApplicationSceneManifest_Generation = YES;
				INFOPLIST_KEY_UIApplicationSupportsIndirectInputEvents = YES;
				INFOPLIST_KEY_UILaunchScreen_Generation = YES;
				INFOPLIST_KEY_UISupportedInterfaceOrientations_iPad = "UIInterfaceOrientationPortrait UIInterfaceOrientationPortraitUpsideDown UIInterfaceOrientationLandscapeLeft UIInterfaceOrientationLandscapeRight";
				INFOPLIST_KEY_UISupportedInterfaceOrientations_iPhone = "UIInterfaceOrientationPortrait UIInterfaceOrientationLandscapeLeft UIInterfaceOrientationLandscapeRight";
				LD_RUNPATH_SEARCH_PATHS = (
					"$(inherited)",
					"@executable_path/Frameworks",
				);
				MARKETING_VERSION = 1.0;
				PRODUCT_BUNDLE_IDENTIFIER = "kwk.The-Global-Pantry";
				PRODUCT_NAME = "$(TARGET_NAME)";
				SWIFT_EMIT_LOC_STRINGS = YES;
				SWIFT_VERSION = 5.0;
				TARGETED_DEVICE_FAMILY = "1,2";
			};
			name = Release;
		};
		110BC7F92A65BC7500A4AF89 /* Debug */ = {
			isa = XCBuildConfiguration;
			buildSettings = {
				ALWAYS_EMBED_SWIFT_STANDARD_LIBRARIES = YES;
				BUNDLE_LOADER = "$(TEST_HOST)";
				CODE_SIGN_STYLE = Automatic;
				CURRENT_PROJECT_VERSION = 1;
				GENERATE_INFOPLIST_FILE = YES;
				IPHONEOS_DEPLOYMENT_TARGET = 16.4;
				MARKETING_VERSION = 1.0;
				PRODUCT_BUNDLE_IDENTIFIER = "kwk.The-Global-PantryTests";
				PRODUCT_NAME = "$(TARGET_NAME)";
				SWIFT_EMIT_LOC_STRINGS = NO;
				SWIFT_VERSION = 5.0;
				TARGETED_DEVICE_FAMILY = "1,2";
				TEST_HOST = "$(BUILT_PRODUCTS_DIR)/The Global Pantry.app/$(BUNDLE_EXECUTABLE_FOLDER_PATH)/The Global Pantry";
			};
			name = Debug;
		};
		110BC7FA2A65BC7500A4AF89 /* Release */ = {
			isa = XCBuildConfiguration;
			buildSettings = {
				ALWAYS_EMBED_SWIFT_STANDARD_LIBRARIES = YES;
				BUNDLE_LOADER = "$(TEST_HOST)";
				CODE_SIGN_STYLE = Automatic;
				CURRENT_PROJECT_VERSION = 1;
				GENERATE_INFOPLIST_FILE = YES;
				IPHONEOS_DEPLOYMENT_TARGET = 16.4;
				MARKETING_VERSION = 1.0;
				PRODUCT_BUNDLE_IDENTIFIER = "kwk.The-Global-PantryTests";
				PRODUCT_NAME = "$(TARGET_NAME)";
				SWIFT_EMIT_LOC_STRINGS = NO;
				SWIFT_VERSION = 5.0;
				TARGETED_DEVICE_FAMILY = "1,2";
				TEST_HOST = "$(BUILT_PRODUCTS_DIR)/The Global Pantry.app/$(BUNDLE_EXECUTABLE_FOLDER_PATH)/The Global Pantry";
			};
			name = Release;
		};
		110BC7FC2A65BC7500A4AF89 /* Debug */ = {
			isa = XCBuildConfiguration;
			buildSettings = {
				ALWAYS_EMBED_SWIFT_STANDARD_LIBRARIES = YES;
				CODE_SIGN_STYLE = Automatic;
				CURRENT_PROJECT_VERSION = 1;
				GENERATE_INFOPLIST_FILE = YES;
				MARKETING_VERSION = 1.0;
				PRODUCT_BUNDLE_IDENTIFIER = "kwk.The-Global-PantryUITests";
				PRODUCT_NAME = "$(TARGET_NAME)";
				SWIFT_EMIT_LOC_STRINGS = NO;
				SWIFT_VERSION = 5.0;
				TARGETED_DEVICE_FAMILY = "1,2";
				TEST_TARGET_NAME = "The Global Pantry";
			};
			name = Debug;
		};
		110BC7FD2A65BC7500A4AF89 /* Release */ = {
			isa = XCBuildConfiguration;
			buildSettings = {
				ALWAYS_EMBED_SWIFT_STANDARD_LIBRARIES = YES;
				CODE_SIGN_STYLE = Automatic;
				CURRENT_PROJECT_VERSION = 1;
				GENERATE_INFOPLIST_FILE = YES;
				MARKETING_VERSION = 1.0;
				PRODUCT_BUNDLE_IDENTIFIER = "kwk.The-Global-PantryUITests";
				PRODUCT_NAME = "$(TARGET_NAME)";
				SWIFT_EMIT_LOC_STRINGS = NO;
				SWIFT_VERSION = 5.0;
				TARGETED_DEVICE_FAMILY = "1,2";
				TEST_TARGET_NAME = "The Global Pantry";
			};
			name = Release;
		};
/* End XCBuildConfiguration section */

/* Begin XCConfigurationList section */
		110BC7CC2A65BC7500A4AF89 /* Build configuration list for PBXProject "The Global Pantry" */ = {
			isa = XCConfigurationList;
			buildConfigurations = (
				110BC7F32A65BC7500A4AF89 /* Debug */,
				110BC7F42A65BC7500A4AF89 /* Release */,
			);
			defaultConfigurationIsVisible = 0;
			defaultConfigurationName = Release;
		};
		110BC7F52A65BC7500A4AF89 /* Build configuration list for PBXNativeTarget "The Global Pantry" */ = {
			isa = XCConfigurationList;
			buildConfigurations = (
				110BC7F62A65BC7500A4AF89 /* Debug */,
				110BC7F72A65BC7500A4AF89 /* Release */,
			);
			defaultConfigurationIsVisible = 0;
			defaultConfigurationName = Release;
		};
		110BC7F82A65BC7500A4AF89 /* Build configuration list for PBXNativeTarget "The Global PantryTests" */ = {
			isa = XCConfigurationList;
			buildConfigurations = (
				110BC7F92A65BC7500A4AF89 /* Debug */,
				110BC7FA2A65BC7500A4AF89 /* Release */,
			);
			defaultConfigurationIsVisible = 0;
			defaultConfigurationName = Release;
		};
		110BC7FB2A65BC7500A4AF89 /* Build configuration list for PBXNativeTarget "The Global PantryUITests" */ = {
			isa = XCConfigurationList;
			buildConfigurations = (
				110BC7FC2A65BC7500A4AF89 /* Debug */,
				110BC7FD2A65BC7500A4AF89 /* Release */,
			);
			defaultConfigurationIsVisible = 0;
			defaultConfigurationName = Release;
		};
/* End XCConfigurationList section */
	};
	rootObject = 110BC7C92A65BC7500A4AF89 /* Project object */;
}
